
Microsoft Visual Studio Solution File, Format Version 12.00
# Visual Studio Version 17
VisualStudioVersion = 17.3.32825.248
MinimumVisualStudioVersion = 10.0.40219.1
Project("{FAE04EC0-301F-11D3-BF4B-00C04F79EFBC}") = "ExampleApplication.SwaggerVersioning", "ExampleApplication.SwaggerVersioning\ExampleApplication.SwaggerVersioning.csproj", "{F87D7AF3-CF38-4030-9D68-E571163F55BC}"
EndProject
Global
	GlobalSection(SolutionConfigurationPlatforms) = preSolution
		Debug|Any CPU = Debug|Any CPU
		Release|Any CPU = Release|Any CPU
	EndGlobalSection
	GlobalSection(ProjectConfigurationPlatforms) = postSolution
		{F87D7AF3-CF38-4030-9D68-E571163F55BC}.Debug|Any CPU.ActiveCfg = Debug|Any CPU
		{F87D7AF3-CF38-4030-9D68-E571163F55BC}.Debug|Any CPU.Build.0 = Debug|Any CPU
		{F87D7AF3-CF38-4030-9D68-E571163F55BC}.Release|Any CPU.ActiveCfg = Release|Any CPU
		{F87D7AF3-CF38-4030-9D68-E571163F55BC}.Release|Any CPU.Build.0 = Release|Any CPU
	EndGlobalSection
	GlobalSection(SolutionProperties) = preSolution
		HideSolutionNode = FALSE
	EndGlobalSection
	GlobalSection(ExtensibilityGlobals) = postSolution
		SolutionGuid = {DF5305E0-750B-47A9-8B60-89DF33ACA6B6}
	EndGlobalSection
EndGlobal
